{
  "version": 4,
  "terraform_version": "1.10.2",
  "serial": 44,
  "lineage": "3a308b82-94c8-600b-0c09-b3ef0b96f311",
  "outputs": {},
  "resources": [
    {
      "mode": "data",
      "type": "terraform_remote_state",
      "name": "eks",
      "provider": "provider[\"terraform.io/builtin/terraform\"]",
      "instances": [
        {
          "schema_version": 0,
          "attributes": {
            "backend": "local",
            "config": {
              "value": {
                "path": "../infra/terraform.tfstate"
              },
              "type": [
                "object",
                {
                  "path": "string"
                }
              ]
            },
            "defaults": null,
            "outputs": {
              "value": {
                "cluster_certificate_authority_data": "LS0tLS1CRUdJTiBDRVJUSUZJQ0FURS0tLS0tCk1JSURCVENDQWUyZ0F3SUJBZ0lJTWxKZ1gvOWhXR1l3RFFZSktvWklodmNOQVFFTEJRQXdGVEVUTUJFR0ExVUUKQXhNS2EzVmlaWEp1WlhSbGN6QWVGdzB5TkRFeU1UVXhNekUxTlRKYUZ3MHpOREV5TVRNeE16SXdOVEphTUJVeApFekFSQmdOVkJBTVRDbXQxWW1WeWJtVjBaWE13Z2dFaU1BMEdDU3FHU0liM0RRRUJBUVVBQTRJQkR3QXdnZ0VLCkFvSUJBUURZWGZrazI1VU01bDdpRjc2ZG1oSVZBTC9lT29VMkZsNEE5dE1TTER6bEpINUtUNjVDODFJODd5RHkKU054MHYxeTFXVlJYdElxM2dHeHBhclB1Si9lUGlScTE5THJDalQ4VW1mbmttcXhwRGNwUHora3pUNU5HWGxVeQpSaS9kT1lQMGlPNTNnQWNpNlkrbHB4d21WR3NoN1pIMnhHcjd3Wk1RN2VLQnJOZzZoTU9WSVNodEdFSGYxQjJ2CkZNMU9IQTJnY0VCaUJaMDNWRlR3R0xqRjA5TVpVcFlWdmVCSTBkblFPVkdqcnJSWEFyWWNpelpKQ0d6SGxvYTEKV04xQUdpMFNJZjZVVERwUnVtbHFpdmlITE0weXQrYXQ4TDU0bjQ1ZzZrcGgyMjU3WVdIMkNFd3FlalZ0Rmg5QwpSdG9GbW9ZVHpwR05FemhSN2N0NFBJeXVOSVlYQWdNQkFBR2pXVEJYTUE0R0ExVWREd0VCL3dRRUF3SUNwREFQCkJnTlZIUk1CQWY4RUJUQURBUUgvTUIwR0ExVWREZ1FXQkJUdThBcXFUSFNQWUpJZUF6ejhqTnJ1bWljMEhUQVYKQmdOVkhSRUVEakFNZ2dwcmRXSmxjbTVsZEdWek1BMEdDU3FHU0liM0RRRUJDd1VBQTRJQkFRQVVoWUZ1S3hDcQpFQ2dQMFoxQ0lzVCs0ODdnZ0R2cWw0M1FRVlN6a0JUYUZJdU4yS0RxOGpPWnBwcCtyVTh4eUNzZTg1c3F2Ym1pCjVpZFN3VjQ0RGtveE5XYlprZlhUN3R1Tko4S3dpcXBQZkhRODlHRm5jNWZZRUtXZVpzMXNGWldWWmR6RmNoTGoKRlpaRG1PS2NIYzNvTkRpcVZ6SmpnbTAzREkyQm0wcW1PYnlzUnpacCtLMUJ5Uk9ZTld3UnZBZjlBMzF3b3BHagoxWndHVi9ObnZxSVRlVXBGYnQvNG40SGlUQnlVaXU5YWw2b05VOVIvckx4TFZLZEo3R1N1SkJwQUJvd1ptU3daCmhIWVU3NEF5cHU3NUM0N3lVUWp5NXlib2pBWDhlcHN5WFg5aldYRWRDV3hQaXQvU0YrNnNCaHRtMXlwZTZNOWkKbHpkemJDUzduckJyCi0tLS0tRU5EIENFUlRJRklDQVRFLS0tLS0K",
                "cluster_endpoint": "https://59376368D8C17BCE92061310E0FB3296.gr7.us-east-1.eks.amazonaws.com",
                "cluster_name": "dev-cluster",
                "ecr_repo_arn": "arn:aws:ecr:us-east-1:172221322213:repository/mytomorrows-app",
                "vpc_public_subnets": [
                  "subnet-024d736df20048098",
                  "subnet-0713f6a19be08e87c",
                  "subnet-084d157bbd1b81fcb"
                ]
              },
              "type": [
                "object",
                {
                  "cluster_certificate_authority_data": "string",
                  "cluster_endpoint": "string",
                  "cluster_name": "string",
                  "ecr_repo_arn": "string",
                  "vpc_public_subnets": [
                    "tuple",
                    [
                      "string",
                      "string",
                      "string"
                    ]
                  ]
                }
              ]
            },
            "workspace": null
          },
          "sensitive_attributes": []
        }
      ]
    },
    {
      "mode": "managed",
      "type": "helm_release",
      "name": "mytomorrows-app",
      "provider": "provider[\"registry.terraform.io/hashicorp/helm\"]",
      "instances": [
        {
          "schema_version": 1,
          "attributes": {
            "atomic": false,
            "chart": "../helm/mytomorrows-app",
            "cleanup_on_fail": false,
            "create_namespace": false,
            "dependency_update": false,
            "description": null,
            "devel": null,
            "disable_crd_hooks": false,
            "disable_openapi_validation": false,
            "disable_webhooks": false,
            "force_update": false,
            "id": "test-tf-deploy",
            "keyring": null,
            "lint": false,
            "manifest": null,
            "max_history": 0,
            "metadata": [
              {
                "app_version": "0.1.0",
                "chart": "mytomorrows-app",
                "first_deployed": 1734447763,
                "last_deployed": 1734447763,
                "name": "test-tf-deploy",
                "namespace": "default",
                "notes": "",
                "revision": 1,
                "values": "{\"ingress\":{\"subnets\":[\"subnet-024d736df20048098\",\"subnet-0713f6a19be08e87c\",\"subnet-084d157bbd1b81fcb\"]},\"replicaCount\":2}",
                "version": "0.1.0"
              }
            ],
            "name": "test-tf-deploy",
            "namespace": "default",
            "pass_credentials": false,
            "postrender": [],
            "recreate_pods": false,
            "render_subchart_notes": true,
            "replace": false,
            "repository": null,
            "repository_ca_file": null,
            "repository_cert_file": null,
            "repository_key_file": null,
            "repository_password": null,
            "repository_username": null,
            "reset_values": false,
            "reuse_values": false,
            "set": [],
            "set_list": [],
            "set_sensitive": [],
            "skip_crds": false,
            "status": "deployed",
            "timeout": 300,
            "upgrade_install": null,
            "values": [
              "replicaCount: 2\ningress:\n  subnets: [\"subnet-024d736df20048098\",\"subnet-0713f6a19be08e87c\",\"subnet-084d157bbd1b81fcb\"]\n"
            ],
            "verify": false,
            "version": "0.1.0",
            "wait": true,
            "wait_for_jobs": false
          },
          "sensitive_attributes": [
            [
              {
                "type": "get_attr",
                "value": "repository_password"
              }
            ]
          ],
          "private": "eyJzY2hlbWFfdmVyc2lvbiI6IjEifQ==",
          "dependencies": [
            "data.terraform_remote_state.eks"
          ]
        }
      ]
    }
  ],
  "check_results": null
}
